// !$*UTF8*$!
{
	archiveVersion = 1;
	classes = {
	};
	objectVersion = 46;
	objects = {

/* Begin PBXBuildFile section */
		E4EABF67164C18010025EDEB /* UIKit.framework in Frameworks */ = {isa = PBXBuildFile; fileRef = E4EABF4A164C17BB0025EDEB /* UIKit.framework */; };
		E4EABF68164C18010025EDEB /* Foundation.framework in Frameworks */ = {isa = PBXBuildFile; fileRef = E4EABF39164C17BB0025EDEB /* Foundation.framework */; };
		E4EABF6A164C18010025EDEB /* CoreGraphics.framework in Frameworks */ = {isa = PBXBuildFile; fileRef = E4EABF69164C18010025EDEB /* CoreGraphics.framework */; };
		E4EABF70164C18010025EDEB /* InfoPlist.strings in Resources */ = {isa = PBXBuildFile; fileRef = E4EABF6E164C18010025EDEB /* InfoPlist.strings */; };
		E4EABF72164C18010025EDEB /* main.m in Sources */ = {isa = PBXBuildFile; fileRef = E4EABF71164C18010025EDEB /* main.m */; };
		E4EABF76164C18010025EDEB /* AppDelegate.m in Sources */ = {isa = PBXBuildFile; fileRef = E4EABF75164C18010025EDEB /* AppDelegate.m */; };
		E4EABF78164C18010025EDEB /* Default.png in Resources */ = {isa = PBXBuildFile; fileRef = E4EABF77164C18010025EDEB /* Default.png */; };
		E4EABF7A164C18010025EDEB /* Default@2x.png in Resources */ = {isa = PBXBuildFile; fileRef = E4EABF79164C18010025EDEB /* Default@2x.png */; };
		E4EABF7C164C18010025EDEB /* Default-568h@2x.png in Resources */ = {isa = PBXBuildFile; fileRef = E4EABF7B164C18010025EDEB /* Default-568h@2x.png */; };
		E4EABF83164C18020025EDEB /* SenTestingKit.framework in Frameworks */ = {isa = PBXBuildFile; fileRef = E4EABF48164C17BB0025EDEB /* SenTestingKit.framework */; };
		E4EABF84164C18020025EDEB /* UIKit.framework in Frameworks */ = {isa = PBXBuildFile; fileRef = E4EABF4A164C17BB0025EDEB /* UIKit.framework */; };
		E4EABF85164C18020025EDEB /* Foundation.framework in Frameworks */ = {isa = PBXBuildFile; fileRef = E4EABF39164C17BB0025EDEB /* Foundation.framework */; };
		E4EABF8D164C18020025EDEB /* InfoPlist.strings in Resources */ = {isa = PBXBuildFile; fileRef = E4EABF8B164C18020025EDEB /* InfoPlist.strings */; };
		E4EABF90164C18020025EDEB /* examplesTests.m in Sources */ = {isa = PBXBuildFile; fileRef = E4EABF8F164C18020025EDEB /* examplesTests.m */; };
		E4EABFE6164C23310025EDEB /* ExampleTable.m in Sources */ = {isa = PBXBuildFile; fileRef = E4EABFE5164C23310025EDEB /* ExampleTable.m */; };
		E4EAC004164C4B690025EDEB /* ExampleTableSingleSection.m in Sources */ = {isa = PBXBuildFile; fileRef = E4EAC003164C4B690025EDEB /* ExampleTableSingleSection.m */; };
		E4EAC007164C4BCE0025EDEB /* ExampleTableMultipleSources.m in Sources */ = {isa = PBXBuildFile; fileRef = E4EAC006164C4BCE0025EDEB /* ExampleTableMultipleSources.m */; };
		E4EAC00E164C4D240025EDEB /* ExampleMainNavigationViewController.m in Sources */ = {isa = PBXBuildFile; fileRef = E4EAC00D164C4D240025EDEB /* ExampleMainNavigationViewController.m */; };
		E4EAC011164C4D830025EDEB /* ExampleMainTableViewController.m in Sources */ = {isa = PBXBuildFile; fileRef = E4EAC010164C4D830025EDEB /* ExampleMainTableViewController.m */; };
		E4EAC014164C53FC0025EDEB /* ExampleTableMultipleSections.m in Sources */ = {isa = PBXBuildFile; fileRef = E4EAC013164C53FB0025EDEB /* ExampleTableMultipleSections.m */; };
		F57379C5166D464000906AC7 /* Foundation.framework in Frameworks */ = {isa = PBXBuildFile; fileRef = E4EABF39164C17BB0025EDEB /* Foundation.framework */; };
		F57379D3166D464000906AC7 /* SenTestingKit.framework in Frameworks */ = {isa = PBXBuildFile; fileRef = E4EABF48164C17BB0025EDEB /* SenTestingKit.framework */; };
		F57379D4166D464000906AC7 /* UIKit.framework in Frameworks */ = {isa = PBXBuildFile; fileRef = E4EABF4A164C17BB0025EDEB /* UIKit.framework */; };
		F57379D5166D464000906AC7 /* Foundation.framework in Frameworks */ = {isa = PBXBuildFile; fileRef = E4EABF39164C17BB0025EDEB /* Foundation.framework */; };
		F57379D8166D464000906AC7 /* libAkimbo.a in Frameworks */ = {isa = PBXBuildFile; fileRef = F57379C4166D464000906AC7 /* libAkimbo.a */; };
		F5737A22166D470900906AC7 /* libAkimbo.a in Frameworks */ = {isa = PBXBuildFile; fileRef = F57379C4166D464000906AC7 /* libAkimbo.a */; };
		F5737A4C166D47E600906AC7 /* Akimbo.h in Headers */ = {isa = PBXBuildFile; fileRef = F5737A25166D47E600906AC7 /* Akimbo.h */; settings = {ATTRIBUTES = (Public, ); }; };
		F5737A4D166D47E600906AC7 /* NSMutableArray+Akimbo.h in Headers */ = {isa = PBXBuildFile; fileRef = F5737A27166D47E600906AC7 /* NSMutableArray+Akimbo.h */; settings = {ATTRIBUTES = (Public, ); }; };
		F5737A4E166D47E600906AC7 /* NSMutableArray+Akimbo.m in Sources */ = {isa = PBXBuildFile; fileRef = F5737A28166D47E600906AC7 /* NSMutableArray+Akimbo.m */; };
		F5737A4F166D47E600906AC7 /* NSMutableArray+Shuffling.h in Headers */ = {isa = PBXBuildFile; fileRef = F5737A29166D47E600906AC7 /* NSMutableArray+Shuffling.h */; settings = {ATTRIBUTES = (Public, ); }; };
		F5737A50166D47E700906AC7 /* NSMutableArray+Shuffling.m in Sources */ = {isa = PBXBuildFile; fileRef = F5737A2A166D47E600906AC7 /* NSMutableArray+Shuffling.m */; };
		F5737A51166D47E700906AC7 /* NSMutableArray+WeakReferences.h in Headers */ = {isa = PBXBuildFile; fileRef = F5737A2B166D47E600906AC7 /* NSMutableArray+WeakReferences.h */; settings = {ATTRIBUTES = (Public, ); }; };
		F5737A52166D47E700906AC7 /* NSMutableArray+WeakReferences.m in Sources */ = {isa = PBXBuildFile; fileRef = F5737A2C166D47E600906AC7 /* NSMutableArray+WeakReferences.m */; };
		F5737A53166D47E700906AC7 /* NSString+Akimbo.h in Headers */ = {isa = PBXBuildFile; fileRef = F5737A2D166D47E600906AC7 /* NSString+Akimbo.h */; settings = {ATTRIBUTES = (Public, ); }; };
		F5737A54166D47E700906AC7 /* NSString+Akimbo.m in Sources */ = {isa = PBXBuildFile; fileRef = F5737A2E166D47E600906AC7 /* NSString+Akimbo.m */; };
		F5737A55166D47E700906AC7 /* NSString+Validation.h in Headers */ = {isa = PBXBuildFile; fileRef = F5737A2F166D47E600906AC7 /* NSString+Validation.h */; settings = {ATTRIBUTES = (Public, ); }; };
		F5737A56166D47E700906AC7 /* NSString+Validation.m in Sources */ = {isa = PBXBuildFile; fileRef = F5737A30166D47E600906AC7 /* NSString+Validation.m */; };
		F5737A57166D47E700906AC7 /* UIColor+Hex.h in Headers */ = {isa = PBXBuildFile; fileRef = F5737A31166D47E600906AC7 /* UIColor+Hex.h */; settings = {ATTRIBUTES = (Public, ); }; };
		F5737A58166D47E700906AC7 /* UIColor+Hex.m in Sources */ = {isa = PBXBuildFile; fileRef = F5737A32166D47E600906AC7 /* UIColor+Hex.m */; };
		F5737A59166D47E700906AC7 /* UIImage+Drawing.h in Headers */ = {isa = PBXBuildFile; fileRef = F5737A33166D47E600906AC7 /* UIImage+Drawing.h */; settings = {ATTRIBUTES = (Public, ); }; };
		F5737A5A166D47E700906AC7 /* UIImage+Drawing.m in Sources */ = {isa = PBXBuildFile; fileRef = F5737A34166D47E600906AC7 /* UIImage+Drawing.m */; };
		F5737A5B166D47E700906AC7 /* AkimboDraw.h in Headers */ = {isa = PBXBuildFile; fileRef = F5737A36166D47E600906AC7 /* AkimboDraw.h */; settings = {ATTRIBUTES = (Public, ); }; };
		F5737A5C166D47E700906AC7 /* AkimboDraw.m in Sources */ = {isa = PBXBuildFile; fileRef = F5737A37166D47E600906AC7 /* AkimboDraw.m */; };
		F5737A5D166D47E700906AC7 /* AkimboObservable.h in Headers */ = {isa = PBXBuildFile; fileRef = F5737A39166D47E600906AC7 /* AkimboObservable.h */; settings = {ATTRIBUTES = (Public, ); }; };
		F5737A5E166D47E700906AC7 /* AkimboObservable.m in Sources */ = {isa = PBXBuildFile; fileRef = F5737A3A166D47E600906AC7 /* AkimboObservable.m */; };
		F5737A5F166D47E700906AC7 /* AkimboWeakItem.h in Headers */ = {isa = PBXBuildFile; fileRef = F5737A3B166D47E600906AC7 /* AkimboWeakItem.h */; settings = {ATTRIBUTES = (Public, ); }; };
		F5737A60166D47E700906AC7 /* AkimboWeakItem.m in Sources */ = {isa = PBXBuildFile; fileRef = F5737A3C166D47E600906AC7 /* AkimboWeakItem.m */; };
		F5737A61166D47E700906AC7 /* AkimboDataStore.h in Headers */ = {isa = PBXBuildFile; fileRef = F5737A3E166D47E600906AC7 /* AkimboDataStore.h */; settings = {ATTRIBUTES = (Public, ); }; };
		F5737A62166D47E700906AC7 /* AkimboDataStore.m in Sources */ = {isa = PBXBuildFile; fileRef = F5737A3F166D47E600906AC7 /* AkimboDataStore.m */; };
		F5737A63166D47E700906AC7 /* Akimbo-Prefix.pch in Headers */ = {isa = PBXBuildFile; fileRef = F5737A41166D47E600906AC7 /* Akimbo-Prefix.pch */; settings = {ATTRIBUTES = (Public, ); }; };
		F5737A64166D47E700906AC7 /* AkimboUITableViewCell.h in Headers */ = {isa = PBXBuildFile; fileRef = F5737A43166D47E600906AC7 /* AkimboUITableViewCell.h */; settings = {ATTRIBUTES = (Public, ); }; };
		F5737A65166D47E700906AC7 /* AkimboUITableViewCell.m in Sources */ = {isa = PBXBuildFile; fileRef = F5737A44166D47E600906AC7 /* AkimboUITableViewCell.m */; };
		F5737A66166D47E700906AC7 /* AkimboUITableViewController.h in Headers */ = {isa = PBXBuildFile; fileRef = F5737A45166D47E600906AC7 /* AkimboUITableViewController.h */; settings = {ATTRIBUTES = (Public, ); }; };
		F5737A67166D47E700906AC7 /* AkimboUITableViewController.m in Sources */ = {isa = PBXBuildFile; fileRef = F5737A46166D47E600906AC7 /* AkimboUITableViewController.m */; };
		F5737A68166D47E700906AC7 /* AkimboUITableViewControllerSection.h in Headers */ = {isa = PBXBuildFile; fileRef = F5737A47166D47E600906AC7 /* AkimboUITableViewControllerSection.h */; settings = {ATTRIBUTES = (Public, ); }; };
		F5737A69166D47E700906AC7 /* AkimboUITableViewControllerSection.m in Sources */ = {isa = PBXBuildFile; fileRef = F5737A48166D47E600906AC7 /* AkimboUITableViewControllerSection.m */; };
		F5737A6A166D47E700906AC7 /* AkimboUtils.h in Headers */ = {isa = PBXBuildFile; fileRef = F5737A4A166D47E600906AC7 /* AkimboUtils.h */; settings = {ATTRIBUTES = (Public, ); }; };
		F5737A6B166D47E700906AC7 /* AkimboUtils.m in Sources */ = {isa = PBXBuildFile; fileRef = F5737A4B166D47E600906AC7 /* AkimboUtils.m */; };
/* End PBXBuildFile section */

/* Begin PBXContainerItemProxy section */
		E4EABF86164C18020025EDEB /* PBXContainerItemProxy */ = {
			isa = PBXContainerItemProxy;
			containerPortal = E4EABF2D164C17BB0025EDEB /* Project object */;
			proxyType = 1;
			remoteGlobalIDString = E4EABF64164C18010025EDEB;
			remoteInfo = examples;
		};
		F57379D6166D464000906AC7 /* PBXContainerItemProxy */ = {
			isa = PBXContainerItemProxy;
			containerPortal = E4EABF2D164C17BB0025EDEB /* Project object */;
			proxyType = 1;
			remoteGlobalIDString = F57379C3166D464000906AC7;
			remoteInfo = Akimbo;
		};
		F5737A20166D470300906AC7 /* PBXContainerItemProxy */ = {
			isa = PBXContainerItemProxy;
			containerPortal = E4EABF2D164C17BB0025EDEB /* Project object */;
			proxyType = 1;
			remoteGlobalIDString = F57379C3166D464000906AC7;
			remoteInfo = Akimbo;
		};
/* End PBXContainerItemProxy section */

/* Begin PBXFileReference section */
		E4EABF39164C17BB0025EDEB /* Foundation.framework */ = {isa = PBXFileReference; lastKnownFileType = wrapper.framework; name = Foundation.framework; path = System/Library/Frameworks/Foundation.framework; sourceTree = SDKROOT; };
		E4EABF48164C17BB0025EDEB /* SenTestingKit.framework */ = {isa = PBXFileReference; lastKnownFileType = wrapper.framework; name = SenTestingKit.framework; path = Library/Frameworks/SenTestingKit.framework; sourceTree = DEVELOPER_DIR; };
		E4EABF4A164C17BB0025EDEB /* UIKit.framework */ = {isa = PBXFileReference; lastKnownFileType = wrapper.framework; name = UIKit.framework; path = Library/Frameworks/UIKit.framework; sourceTree = DEVELOPER_DIR; };
		E4EABF65164C18010025EDEB /* examples.app */ = {isa = PBXFileReference; explicitFileType = wrapper.application; includeInIndex = 0; path = examples.app; sourceTree = BUILT_PRODUCTS_DIR; };
		E4EABF69164C18010025EDEB /* CoreGraphics.framework */ = {isa = PBXFileReference; lastKnownFileType = wrapper.framework; name = CoreGraphics.framework; path = System/Library/Frameworks/CoreGraphics.framework; sourceTree = SDKROOT; };
		E4EABF6D164C18010025EDEB /* examples-Info.plist */ = {isa = PBXFileReference; lastKnownFileType = text.plist.xml; path = "examples-Info.plist"; sourceTree = "<group>"; };
		E4EABF6F164C18010025EDEB /* en */ = {isa = PBXFileReference; lastKnownFileType = text.plist.strings; name = en; path = en.lproj/InfoPlist.strings; sourceTree = "<group>"; };
		E4EABF71164C18010025EDEB /* main.m */ = {isa = PBXFileReference; lastKnownFileType = sourcecode.c.objc; path = main.m; sourceTree = "<group>"; };
		E4EABF73164C18010025EDEB /* examples-Prefix.pch */ = {isa = PBXFileReference; lastKnownFileType = sourcecode.c.h; path = "examples-Prefix.pch"; sourceTree = "<group>"; };
		E4EABF74164C18010025EDEB /* AppDelegate.h */ = {isa = PBXFileReference; lastKnownFileType = sourcecode.c.h; path = AppDelegate.h; sourceTree = "<group>"; };
		E4EABF75164C18010025EDEB /* AppDelegate.m */ = {isa = PBXFileReference; lastKnownFileType = sourcecode.c.objc; path = AppDelegate.m; sourceTree = "<group>"; };
		E4EABF77164C18010025EDEB /* Default.png */ = {isa = PBXFileReference; lastKnownFileType = image.png; path = Default.png; sourceTree = "<group>"; };
		E4EABF79164C18010025EDEB /* Default@2x.png */ = {isa = PBXFileReference; lastKnownFileType = image.png; path = "Default@2x.png"; sourceTree = "<group>"; };
		E4EABF7B164C18010025EDEB /* Default-568h@2x.png */ = {isa = PBXFileReference; lastKnownFileType = image.png; path = "Default-568h@2x.png"; sourceTree = "<group>"; };
		E4EABF82164C18020025EDEB /* examplesTests.octest */ = {isa = PBXFileReference; explicitFileType = wrapper.cfbundle; includeInIndex = 0; path = examplesTests.octest; sourceTree = BUILT_PRODUCTS_DIR; };
		E4EABF8A164C18020025EDEB /* examplesTests-Info.plist */ = {isa = PBXFileReference; lastKnownFileType = text.plist.xml; path = "examplesTests-Info.plist"; sourceTree = "<group>"; };
		E4EABF8C164C18020025EDEB /* en */ = {isa = PBXFileReference; lastKnownFileType = text.plist.strings; name = en; path = en.lproj/InfoPlist.strings; sourceTree = "<group>"; };
		E4EABF8E164C18020025EDEB /* examplesTests.h */ = {isa = PBXFileReference; lastKnownFileType = sourcecode.c.h; path = examplesTests.h; sourceTree = "<group>"; };
		E4EABF8F164C18020025EDEB /* examplesTests.m */ = {isa = PBXFileReference; lastKnownFileType = sourcecode.c.objc; path = examplesTests.m; sourceTree = "<group>"; };
		E4EABFE4164C23310025EDEB /* ExampleTable.h */ = {isa = PBXFileReference; fileEncoding = 4; lastKnownFileType = sourcecode.c.h; name = ExampleTable.h; path = table/ExampleTable.h; sourceTree = "<group>"; };
		E4EABFE5164C23310025EDEB /* ExampleTable.m */ = {isa = PBXFileReference; fileEncoding = 4; lastKnownFileType = sourcecode.c.objc; name = ExampleTable.m; path = table/ExampleTable.m; sourceTree = "<group>"; };
		E4EAC002164C4B690025EDEB /* ExampleTableSingleSection.h */ = {isa = PBXFileReference; fileEncoding = 4; lastKnownFileType = sourcecode.c.h; name = ExampleTableSingleSection.h; path = table/ExampleTableSingleSection.h; sourceTree = "<group>"; };
		E4EAC003164C4B690025EDEB /* ExampleTableSingleSection.m */ = {isa = PBXFileReference; fileEncoding = 4; lastKnownFileType = sourcecode.c.objc; name = ExampleTableSingleSection.m; path = table/ExampleTableSingleSection.m; sourceTree = "<group>"; };
		E4EAC005164C4BCE0025EDEB /* ExampleTableMultipleSources.h */ = {isa = PBXFileReference; fileEncoding = 4; lastKnownFileType = sourcecode.c.h; name = ExampleTableMultipleSources.h; path = table/ExampleTableMultipleSources.h; sourceTree = "<group>"; };
		E4EAC006164C4BCE0025EDEB /* ExampleTableMultipleSources.m */ = {isa = PBXFileReference; fileEncoding = 4; lastKnownFileType = sourcecode.c.objc; name = ExampleTableMultipleSources.m; path = table/ExampleTableMultipleSources.m; sourceTree = "<group>"; };
		E4EAC00C164C4D240025EDEB /* ExampleMainNavigationViewController.h */ = {isa = PBXFileReference; fileEncoding = 4; lastKnownFileType = sourcecode.c.h; path = ExampleMainNavigationViewController.h; sourceTree = "<group>"; };
		E4EAC00D164C4D240025EDEB /* ExampleMainNavigationViewController.m */ = {isa = PBXFileReference; fileEncoding = 4; lastKnownFileType = sourcecode.c.objc; path = ExampleMainNavigationViewController.m; sourceTree = "<group>"; };
		E4EAC00F164C4D820025EDEB /* ExampleMainTableViewController.h */ = {isa = PBXFileReference; fileEncoding = 4; lastKnownFileType = sourcecode.c.h; path = ExampleMainTableViewController.h; sourceTree = "<group>"; };
		E4EAC010164C4D830025EDEB /* ExampleMainTableViewController.m */ = {isa = PBXFileReference; fileEncoding = 4; lastKnownFileType = sourcecode.c.objc; path = ExampleMainTableViewController.m; sourceTree = "<group>"; };
		E4EAC012164C53FB0025EDEB /* ExampleTableMultipleSections.h */ = {isa = PBXFileReference; fileEncoding = 4; lastKnownFileType = sourcecode.c.h; name = ExampleTableMultipleSections.h; path = table/ExampleTableMultipleSections.h; sourceTree = "<group>"; };
		E4EAC013164C53FB0025EDEB /* ExampleTableMultipleSections.m */ = {isa = PBXFileReference; fileEncoding = 4; lastKnownFileType = sourcecode.c.objc; name = ExampleTableMultipleSections.m; path = table/ExampleTableMultipleSections.m; sourceTree = "<group>"; };
		F57379C4166D464000906AC7 /* libAkimbo.a */ = {isa = PBXFileReference; explicitFileType = archive.ar; includeInIndex = 0; path = libAkimbo.a; sourceTree = BUILT_PRODUCTS_DIR; };
		F57379D2166D464000906AC7 /* AkimboTests.octest */ = {isa = PBXFileReference; explicitFileType = wrapper.cfbundle; includeInIndex = 0; path = AkimboTests.octest; sourceTree = BUILT_PRODUCTS_DIR; };
		F5737A25166D47E600906AC7 /* Akimbo.h */ = {isa = PBXFileReference; fileEncoding = 4; lastKnownFileType = sourcecode.c.h; path = Akimbo.h; sourceTree = "<group>"; };
		F5737A27166D47E600906AC7 /* NSMutableArray+Akimbo.h */ = {isa = PBXFileReference; fileEncoding = 4; lastKnownFileType = sourcecode.c.h; path = "NSMutableArray+Akimbo.h"; sourceTree = "<group>"; };
		F5737A28166D47E600906AC7 /* NSMutableArray+Akimbo.m */ = {isa = PBXFileReference; fileEncoding = 4; lastKnownFileType = sourcecode.c.objc; path = "NSMutableArray+Akimbo.m"; sourceTree = "<group>"; };
		F5737A29166D47E600906AC7 /* NSMutableArray+Shuffling.h */ = {isa = PBXFileReference; fileEncoding = 4; lastKnownFileType = sourcecode.c.h; path = "NSMutableArray+Shuffling.h"; sourceTree = "<group>"; };
		F5737A2A166D47E600906AC7 /* NSMutableArray+Shuffling.m */ = {isa = PBXFileReference; fileEncoding = 4; lastKnownFileType = sourcecode.c.objc; path = "NSMutableArray+Shuffling.m"; sourceTree = "<group>"; };
		F5737A2B166D47E600906AC7 /* NSMutableArray+WeakReferences.h */ = {isa = PBXFileReference; fileEncoding = 4; lastKnownFileType = sourcecode.c.h; path = "NSMutableArray+WeakReferences.h"; sourceTree = "<group>"; };
		F5737A2C166D47E600906AC7 /* NSMutableArray+WeakReferences.m */ = {isa = PBXFileReference; fileEncoding = 4; lastKnownFileType = sourcecode.c.objc; path = "NSMutableArray+WeakReferences.m"; sourceTree = "<group>"; };
		F5737A2D166D47E600906AC7 /* NSString+Akimbo.h */ = {isa = PBXFileReference; fileEncoding = 4; lastKnownFileType = sourcecode.c.h; path = "NSString+Akimbo.h"; sourceTree = "<group>"; };
		F5737A2E166D47E600906AC7 /* NSString+Akimbo.m */ = {isa = PBXFileReference; fileEncoding = 4; lastKnownFileType = sourcecode.c.objc; path = "NSString+Akimbo.m"; sourceTree = "<group>"; };
		F5737A2F166D47E600906AC7 /* NSString+Validation.h */ = {isa = PBXFileReference; fileEncoding = 4; lastKnownFileType = sourcecode.c.h; path = "NSString+Validation.h"; sourceTree = "<group>"; };
		F5737A30166D47E600906AC7 /* NSString+Validation.m */ = {isa = PBXFileReference; fileEncoding = 4; lastKnownFileType = sourcecode.c.objc; path = "NSString+Validation.m"; sourceTree = "<group>"; };
		F5737A31166D47E600906AC7 /* UIColor+Hex.h */ = {isa = PBXFileReference; fileEncoding = 4; lastKnownFileType = sourcecode.c.h; path = "UIColor+Hex.h"; sourceTree = "<group>"; };
		F5737A32166D47E600906AC7 /* UIColor+Hex.m */ = {isa = PBXFileReference; fileEncoding = 4; lastKnownFileType = sourcecode.c.objc; path = "UIColor+Hex.m"; sourceTree = "<group>"; };
		F5737A33166D47E600906AC7 /* UIImage+Drawing.h */ = {isa = PBXFileReference; fileEncoding = 4; lastKnownFileType = sourcecode.c.h; path = "UIImage+Drawing.h"; sourceTree = "<group>"; };
		F5737A34166D47E600906AC7 /* UIImage+Drawing.m */ = {isa = PBXFileReference; fileEncoding = 4; lastKnownFileType = sourcecode.c.objc; path = "UIImage+Drawing.m"; sourceTree = "<group>"; };
		F5737A36166D47E600906AC7 /* AkimboDraw.h */ = {isa = PBXFileReference; fileEncoding = 4; lastKnownFileType = sourcecode.c.h; path = AkimboDraw.h; sourceTree = "<group>"; };
		F5737A37166D47E600906AC7 /* AkimboDraw.m */ = {isa = PBXFileReference; fileEncoding = 4; lastKnownFileType = sourcecode.c.objc; path = AkimboDraw.m; sourceTree = "<group>"; };
		F5737A39166D47E600906AC7 /* AkimboObservable.h */ = {isa = PBXFileReference; fileEncoding = 4; lastKnownFileType = sourcecode.c.h; path = AkimboObservable.h; sourceTree = "<group>"; };
		F5737A3A166D47E600906AC7 /* AkimboObservable.m */ = {isa = PBXFileReference; fileEncoding = 4; lastKnownFileType = sourcecode.c.objc; path = AkimboObservable.m; sourceTree = "<group>"; };
		F5737A3B166D47E600906AC7 /* AkimboWeakItem.h */ = {isa = PBXFileReference; fileEncoding = 4; lastKnownFileType = sourcecode.c.h; path = AkimboWeakItem.h; sourceTree = "<group>"; };
		F5737A3C166D47E600906AC7 /* AkimboWeakItem.m */ = {isa = PBXFileReference; fileEncoding = 4; lastKnownFileType = sourcecode.c.objc; path = AkimboWeakItem.m; sourceTree = "<group>"; };
		F5737A3E166D47E600906AC7 /* AkimboDataStore.h */ = {isa = PBXFileReference; fileEncoding = 4; lastKnownFileType = sourcecode.c.h; path = AkimboDataStore.h; sourceTree = "<group>"; };
		F5737A3F166D47E600906AC7 /* AkimboDataStore.m */ = {isa = PBXFileReference; fileEncoding = 4; lastKnownFileType = sourcecode.c.objc; path = AkimboDataStore.m; sourceTree = "<group>"; };
		F5737A41166D47E600906AC7 /* Akimbo-Prefix.pch */ = {isa = PBXFileReference; fileEncoding = 4; lastKnownFileType = sourcecode.c.h; path = "Akimbo-Prefix.pch"; sourceTree = "<group>"; };
		F5737A43166D47E600906AC7 /* AkimboUITableViewCell.h */ = {isa = PBXFileReference; fileEncoding = 4; lastKnownFileType = sourcecode.c.h; path = AkimboUITableViewCell.h; sourceTree = "<group>"; };
		F5737A44166D47E600906AC7 /* AkimboUITableViewCell.m */ = {isa = PBXFileReference; fileEncoding = 4; lastKnownFileType = sourcecode.c.objc; path = AkimboUITableViewCell.m; sourceTree = "<group>"; };
		F5737A45166D47E600906AC7 /* AkimboUITableViewController.h */ = {isa = PBXFileReference; fileEncoding = 4; lastKnownFileType = sourcecode.c.h; path = AkimboUITableViewController.h; sourceTree = "<group>"; };
		F5737A46166D47E600906AC7 /* AkimboUITableViewController.m */ = {isa = PBXFileReference; fileEncoding = 4; lastKnownFileType = sourcecode.c.objc; path = AkimboUITableViewController.m; sourceTree = "<group>"; };
		F5737A47166D47E600906AC7 /* AkimboUITableViewControllerSection.h */ = {isa = PBXFileReference; fileEncoding = 4; lastKnownFileType = sourcecode.c.h; path = AkimboUITableViewControllerSection.h; sourceTree = "<group>"; };
		F5737A48166D47E600906AC7 /* AkimboUITableViewControllerSection.m */ = {isa = PBXFileReference; fileEncoding = 4; lastKnownFileType = sourcecode.c.objc; path = AkimboUITableViewControllerSection.m; sourceTree = "<group>"; };
		F5737A4A166D47E600906AC7 /* AkimboUtils.h */ = {isa = PBXFileReference; fileEncoding = 4; lastKnownFileType = sourcecode.c.h; path = AkimboUtils.h; sourceTree = "<group>"; };
		F5737A4B166D47E600906AC7 /* AkimboUtils.m */ = {isa = PBXFileReference; fileEncoding = 4; lastKnownFileType = sourcecode.c.objc; path = AkimboUtils.m; sourceTree = "<group>"; };
/* End PBXFileReference section */

/* Begin PBXFrameworksBuildPhase section */
		E4EABF62164C18010025EDEB /* Frameworks */ = {
			isa = PBXFrameworksBuildPhase;
			buildActionMask = 2147483647;
			files = (
				F5737A22166D470900906AC7 /* libAkimbo.a in Frameworks */,
				E4EABF67164C18010025EDEB /* UIKit.framework in Frameworks */,
				E4EABF68164C18010025EDEB /* Foundation.framework in Frameworks */,
				E4EABF6A164C18010025EDEB /* CoreGraphics.framework in Frameworks */,
			);
			runOnlyForDeploymentPostprocessing = 0;
		};
		E4EABF7E164C18020025EDEB /* Frameworks */ = {
			isa = PBXFrameworksBuildPhase;
			buildActionMask = 2147483647;
			files = (
				E4EABF83164C18020025EDEB /* SenTestingKit.framework in Frameworks */,
				E4EABF84164C18020025EDEB /* UIKit.framework in Frameworks */,
				E4EABF85164C18020025EDEB /* Foundation.framework in Frameworks */,
			);
			runOnlyForDeploymentPostprocessing = 0;
		};
		F57379C1166D464000906AC7 /* Frameworks */ = {
			isa = PBXFrameworksBuildPhase;
			buildActionMask = 2147483647;
			files = (
				F57379C5166D464000906AC7 /* Foundation.framework in Frameworks */,
			);
			runOnlyForDeploymentPostprocessing = 0;
		};
		F57379CE166D464000906AC7 /* Frameworks */ = {
			isa = PBXFrameworksBuildPhase;
			buildActionMask = 2147483647;
			files = (
				F57379D3166D464000906AC7 /* SenTestingKit.framework in Frameworks */,
				F57379D4166D464000906AC7 /* UIKit.framework in Frameworks */,
				F57379D5166D464000906AC7 /* Foundation.framework in Frameworks */,
				F57379D8166D464000906AC7 /* libAkimbo.a in Frameworks */,
			);
			runOnlyForDeploymentPostprocessing = 0;
		};
/* End PBXFrameworksBuildPhase section */

/* Begin PBXGroup section */
		E4EABF2B164C17BB0025EDEB = {
			isa = PBXGroup;
			children = (
				F57379E8166D468A00906AC7 /* Akimbo */,
				E4EABF6B164C18010025EDEB /* examples */,
				E4EABF88164C18020025EDEB /* examplesTests */,
				E4EABF38164C17BB0025EDEB /* Frameworks */,
				E4EABF37164C17BB0025EDEB /* Products */,
			);
			sourceTree = "<group>";
		};
		E4EABF37164C17BB0025EDEB /* Products */ = {
			isa = PBXGroup;
			children = (
				E4EABF65164C18010025EDEB /* examples.app */,
				E4EABF82164C18020025EDEB /* examplesTests.octest */,
				F57379C4166D464000906AC7 /* libAkimbo.a */,
				F57379D2166D464000906AC7 /* AkimboTests.octest */,
			);
			name = Products;
			sourceTree = "<group>";
		};
		E4EABF38164C17BB0025EDEB /* Frameworks */ = {
			isa = PBXGroup;
			children = (
				E4EABF39164C17BB0025EDEB /* Foundation.framework */,
				E4EABF48164C17BB0025EDEB /* SenTestingKit.framework */,
				E4EABF4A164C17BB0025EDEB /* UIKit.framework */,
				E4EABF69164C18010025EDEB /* CoreGraphics.framework */,
			);
			name = Frameworks;
			sourceTree = "<group>";
		};
		E4EABF6B164C18010025EDEB /* examples */ = {
			isa = PBXGroup;
			children = (
				E4EAC00B164C4D230025EDEB /* main */,
				E4EABF74164C18010025EDEB /* AppDelegate.h */,
				E4EABF75164C18010025EDEB /* AppDelegate.m */,
				E4EABF6C164C18010025EDEB /* Supporting Files */,
				E4EABFE7164C23370025EDEB /* table */,
			);
			path = examples;
			sourceTree = "<group>";
		};
		E4EABF6C164C18010025EDEB /* Supporting Files */ = {
			isa = PBXGroup;
			children = (
				E4EABF6D164C18010025EDEB /* examples-Info.plist */,
				E4EABF6E164C18010025EDEB /* InfoPlist.strings */,
				E4EABF71164C18010025EDEB /* main.m */,
				E4EABF73164C18010025EDEB /* examples-Prefix.pch */,
				E4EABF77164C18010025EDEB /* Default.png */,
				E4EABF79164C18010025EDEB /* Default@2x.png */,
				E4EABF7B164C18010025EDEB /* Default-568h@2x.png */,
			);
			name = "Supporting Files";
			sourceTree = "<group>";
		};
		E4EABF88164C18020025EDEB /* examplesTests */ = {
			isa = PBXGroup;
			children = (
				E4EABF8E164C18020025EDEB /* examplesTests.h */,
				E4EABF8F164C18020025EDEB /* examplesTests.m */,
				E4EABF89164C18020025EDEB /* Supporting Files */,
			);
			path = examplesTests;
			sourceTree = "<group>";
		};
		E4EABF89164C18020025EDEB /* Supporting Files */ = {
			isa = PBXGroup;
			children = (
				E4EABF8A164C18020025EDEB /* examplesTests-Info.plist */,
				E4EABF8B164C18020025EDEB /* InfoPlist.strings */,
			);
			name = "Supporting Files";
			sourceTree = "<group>";
		};
		E4EABFE7164C23370025EDEB /* table */ = {
			isa = PBXGroup;
			children = (
				E4EABFE4164C23310025EDEB /* ExampleTable.h */,
				E4EABFE5164C23310025EDEB /* ExampleTable.m */,
				E4EAC002164C4B690025EDEB /* ExampleTableSingleSection.h */,
				E4EAC003164C4B690025EDEB /* ExampleTableSingleSection.m */,
				E4EAC005164C4BCE0025EDEB /* ExampleTableMultipleSources.h */,
				E4EAC006164C4BCE0025EDEB /* ExampleTableMultipleSources.m */,
				E4EAC012164C53FB0025EDEB /* ExampleTableMultipleSections.h */,
				E4EAC013164C53FB0025EDEB /* ExampleTableMultipleSections.m */,
			);
			name = table;
			sourceTree = "<group>";
		};
		E4EAC00B164C4D230025EDEB /* main */ = {
			isa = PBXGroup;
			children = (
				E4EAC00C164C4D240025EDEB /* ExampleMainNavigationViewController.h */,
				E4EAC00D164C4D240025EDEB /* ExampleMainNavigationViewController.m */,
				E4EAC00F164C4D820025EDEB /* ExampleMainTableViewController.h */,
				E4EAC010164C4D830025EDEB /* ExampleMainTableViewController.m */,
			);
			path = main;
			sourceTree = "<group>";
		};
		F57379E8166D468A00906AC7 /* Akimbo */ = {
			isa = PBXGroup;
			children = (
				F5737A24166D47E600906AC7 /* Code */,
			);
			name = Akimbo;
			sourceTree = "<group>";
		};
		F5737A24166D47E600906AC7 /* Code */ = {
			isa = PBXGroup;
			children = (
				F5737A25166D47E600906AC7 /* Akimbo.h */,
				F5737A26166D47E600906AC7 /* categories */,
				F5737A35166D47E600906AC7 /* draw */,
				F5737A38166D47E600906AC7 /* observable */,
				F5737A3D166D47E600906AC7 /* store */,
				F5737A40166D47E600906AC7 /* Support */,
				F5737A42166D47E600906AC7 /* table */,
				F5737A49166D47E600906AC7 /* utils */,
			);
			path = Code;
			sourceTree = "<group>";
		};
		F5737A26166D47E600906AC7 /* categories */ = {
			isa = PBXGroup;
			children = (
				F5737A27166D47E600906AC7 /* NSMutableArray+Akimbo.h */,
				F5737A28166D47E600906AC7 /* NSMutableArray+Akimbo.m */,
				F5737A29166D47E600906AC7 /* NSMutableArray+Shuffling.h */,
				F5737A2A166D47E600906AC7 /* NSMutableArray+Shuffling.m */,
				F5737A2B166D47E600906AC7 /* NSMutableArray+WeakReferences.h */,
				F5737A2C166D47E600906AC7 /* NSMutableArray+WeakReferences.m */,
				F5737A2D166D47E600906AC7 /* NSString+Akimbo.h */,
				F5737A2E166D47E600906AC7 /* NSString+Akimbo.m */,
				F5737A2F166D47E600906AC7 /* NSString+Validation.h */,
				F5737A30166D47E600906AC7 /* NSString+Validation.m */,
				F5737A31166D47E600906AC7 /* UIColor+Hex.h */,
				F5737A32166D47E600906AC7 /* UIColor+Hex.m */,
				F5737A33166D47E600906AC7 /* UIImage+Drawing.h */,
				F5737A34166D47E600906AC7 /* UIImage+Drawing.m */,
			);
			path = categories;
			sourceTree = "<group>";
		};
		F5737A35166D47E600906AC7 /* draw */ = {
			isa = PBXGroup;
			children = (
				F5737A36166D47E600906AC7 /* AkimboDraw.h */,
				F5737A37166D47E600906AC7 /* AkimboDraw.m */,
			);
			path = draw;
			sourceTree = "<group>";
		};
		F5737A38166D47E600906AC7 /* observable */ = {
			isa = PBXGroup;
			children = (
				F5737A39166D47E600906AC7 /* AkimboObservable.h */,
				F5737A3A166D47E600906AC7 /* AkimboObservable.m */,
				F5737A3B166D47E600906AC7 /* AkimboWeakItem.h */,
				F5737A3C166D47E600906AC7 /* AkimboWeakItem.m */,
			);
			path = observable;
			sourceTree = "<group>";
		};
		F5737A3D166D47E600906AC7 /* store */ = {
			isa = PBXGroup;
			children = (
				F5737A3E166D47E600906AC7 /* AkimboDataStore.h */,
				F5737A3F166D47E600906AC7 /* AkimboDataStore.m */,
			);
			path = store;
			sourceTree = "<group>";
		};
		F5737A40166D47E600906AC7 /* Support */ = {
			isa = PBXGroup;
			children = (
				F5737A41166D47E600906AC7 /* Akimbo-Prefix.pch */,
			);
			path = Support;
			sourceTree = "<group>";
		};
		F5737A42166D47E600906AC7 /* table */ = {
			isa = PBXGroup;
			children = (
				F5737A43166D47E600906AC7 /* AkimboUITableViewCell.h */,
				F5737A44166D47E600906AC7 /* AkimboUITableViewCell.m */,
				F5737A45166D47E600906AC7 /* AkimboUITableViewController.h */,
				F5737A46166D47E600906AC7 /* AkimboUITableViewController.m */,
				F5737A47166D47E600906AC7 /* AkimboUITableViewControllerSection.h */,
				F5737A48166D47E600906AC7 /* AkimboUITableViewControllerSection.m */,
			);
			path = table;
			sourceTree = "<group>";
		};
		F5737A49166D47E600906AC7 /* utils */ = {
			isa = PBXGroup;
			children = (
				F5737A4A166D47E600906AC7 /* AkimboUtils.h */,
				F5737A4B166D47E600906AC7 /* AkimboUtils.m */,
			);
			path = utils;
			sourceTree = "<group>";
		};
/* End PBXGroup section */

/* Begin PBXHeadersBuildPhase section */
		F5737A23166D47DB00906AC7 /* Headers */ = {
			isa = PBXHeadersBuildPhase;
			buildActionMask = 2147483647;
			files = (
				F5737A4C166D47E600906AC7 /* Akimbo.h in Headers */,
				F5737A4D166D47E600906AC7 /* NSMutableArray+Akimbo.h in Headers */,
				F5737A4F166D47E600906AC7 /* NSMutableArray+Shuffling.h in Headers */,
				F5737A51166D47E700906AC7 /* NSMutableArray+WeakReferences.h in Headers */,
				F5737A53166D47E700906AC7 /* NSString+Akimbo.h in Headers */,
				F5737A55166D47E700906AC7 /* NSString+Validation.h in Headers */,
				F5737A57166D47E700906AC7 /* UIColor+Hex.h in Headers */,
				F5737A59166D47E700906AC7 /* UIImage+Drawing.h in Headers */,
				F5737A5B166D47E700906AC7 /* AkimboDraw.h in Headers */,
				F5737A5D166D47E700906AC7 /* AkimboObservable.h in Headers */,
				F5737A5F166D47E700906AC7 /* AkimboWeakItem.h in Headers */,
				F5737A61166D47E700906AC7 /* AkimboDataStore.h in Headers */,
				F5737A63166D47E700906AC7 /* Akimbo-Prefix.pch in Headers */,
				F5737A64166D47E700906AC7 /* AkimboUITableViewCell.h in Headers */,
				F5737A66166D47E700906AC7 /* AkimboUITableViewController.h in Headers */,
				F5737A68166D47E700906AC7 /* AkimboUITableViewControllerSection.h in Headers */,
				F5737A6A166D47E700906AC7 /* AkimboUtils.h in Headers */,
			);
			runOnlyForDeploymentPostprocessing = 0;
		};
/* End PBXHeadersBuildPhase section */

/* Begin PBXNativeTarget section */
		E4EABF64164C18010025EDEB /* examples */ = {
			isa = PBXNativeTarget;
			buildConfigurationList = E4EABF91164C18020025EDEB /* Build configuration list for PBXNativeTarget "examples" */;
			buildPhases = (
				E4EABF61164C18010025EDEB /* Sources */,
				E4EABF62164C18010025EDEB /* Frameworks */,
				E4EABF63164C18010025EDEB /* Resources */,
			);
			buildRules = (
			);
			dependencies = (
				F5737A21166D470300906AC7 /* PBXTargetDependency */,
			);
			name = examples;
			productName = examples;
			productReference = E4EABF65164C18010025EDEB /* examples.app */;
			productType = "com.apple.product-type.application";
		};
		E4EABF81164C18020025EDEB /* examplesTests */ = {
			isa = PBXNativeTarget;
			buildConfigurationList = E4EABF94164C18020025EDEB /* Build configuration list for PBXNativeTarget "examplesTests" */;
			buildPhases = (
				E4EABF7D164C18020025EDEB /* Sources */,
				E4EABF7E164C18020025EDEB /* Frameworks */,
				E4EABF7F164C18020025EDEB /* Resources */,
				E4EABF80164C18020025EDEB /* ShellScript */,
			);
			buildRules = (
			);
			dependencies = (
				E4EABF87164C18020025EDEB /* PBXTargetDependency */,
			);
			name = examplesTests;
			productName = examplesTests;
			productReference = E4EABF82164C18020025EDEB /* examplesTests.octest */;
			productType = "com.apple.product-type.bundle";
		};
		F57379C3166D464000906AC7 /* Akimbo */ = {
			isa = PBXNativeTarget;
			buildConfigurationList = F57379E2166D464000906AC7 /* Build configuration list for PBXNativeTarget "Akimbo" */;
			buildPhases = (
				F57379C0166D464000906AC7 /* Sources */,
				F57379C1166D464000906AC7 /* Frameworks */,
				F5737A23166D47DB00906AC7 /* Headers */,
			);
			buildRules = (
			);
			dependencies = (
			);
			name = Akimbo;
			productName = Akimbo;
			productReference = F57379C4166D464000906AC7 /* libAkimbo.a */;
			productType = "com.apple.product-type.library.static";
		};
		F57379D1166D464000906AC7 /* AkimboTests */ = {
			isa = PBXNativeTarget;
			buildConfigurationList = F57379E5166D464000906AC7 /* Build configuration list for PBXNativeTarget "AkimboTests" */;
			buildPhases = (
				F57379CD166D464000906AC7 /* Sources */,
				F57379CE166D464000906AC7 /* Frameworks */,
				F57379CF166D464000906AC7 /* Resources */,
				F57379D0166D464000906AC7 /* ShellScript */,
			);
			buildRules = (
			);
			dependencies = (
				F57379D7166D464000906AC7 /* PBXTargetDependency */,
			);
			name = AkimboTests;
			productName = AkimboTests;
			productReference = F57379D2166D464000906AC7 /* AkimboTests.octest */;
			productType = "com.apple.product-type.bundle";
		};
/* End PBXNativeTarget section */

/* Begin PBXProject section */
		E4EABF2D164C17BB0025EDEB /* Project object */ = {
			isa = PBXProject;
			attributes = {
				LastUpgradeCheck = 0450;
				ORGANIZATIONNAME = Akimbo;
			};
			buildConfigurationList = E4EABF30164C17BB0025EDEB /* Build configuration list for PBXProject "akimbo-ios" */;
			compatibilityVersion = "Xcode 3.2";
			developmentRegion = English;
			hasScannedForEncodings = 0;
			knownRegions = (
				en,
			);
			mainGroup = E4EABF2B164C17BB0025EDEB;
			productRefGroup = E4EABF37164C17BB0025EDEB /* Products */;
			projectDirPath = "";
			projectRoot = "";
			targets = (
				E4EABF64164C18010025EDEB /* examples */,
				E4EABF81164C18020025EDEB /* examplesTests */,
				F57379C3166D464000906AC7 /* Akimbo */,
				F57379D1166D464000906AC7 /* AkimboTests */,
			);
		};
/* End PBXProject section */

/* Begin PBXResourcesBuildPhase section */
		E4EABF63164C18010025EDEB /* Resources */ = {
			isa = PBXResourcesBuildPhase;
			buildActionMask = 2147483647;
			files = (
				E4EABF70164C18010025EDEB /* InfoPlist.strings in Resources */,
				E4EABF78164C18010025EDEB /* Default.png in Resources */,
				E4EABF7A164C18010025EDEB /* Default@2x.png in Resources */,
				E4EABF7C164C18010025EDEB /* Default-568h@2x.png in Resources */,
			);
			runOnlyForDeploymentPostprocessing = 0;
		};
		E4EABF7F164C18020025EDEB /* Resources */ = {
			isa = PBXResourcesBuildPhase;
			buildActionMask = 2147483647;
			files = (
				E4EABF8D164C18020025EDEB /* InfoPlist.strings in Resources */,
			);
			runOnlyForDeploymentPostprocessing = 0;
		};
		F57379CF166D464000906AC7 /* Resources */ = {
			isa = PBXResourcesBuildPhase;
			buildActionMask = 2147483647;
			files = (
			);
			runOnlyForDeploymentPostprocessing = 0;
		};
/* End PBXResourcesBuildPhase section */

/* Begin PBXShellScriptBuildPhase section */
		E4EABF80164C18020025EDEB /* ShellScript */ = {
			isa = PBXShellScriptBuildPhase;
			buildActionMask = 2147483647;
			files = (
			);
			inputPaths = (
			);
			outputPaths = (
			);
			runOnlyForDeploymentPostprocessing = 0;
			shellPath = /bin/sh;
			shellScript = "# Run the unit tests in this test bundle.\n\"${SYSTEM_DEVELOPER_DIR}/Tools/RunUnitTests\"\n";
		};
		F57379D0166D464000906AC7 /* ShellScript */ = {
			isa = PBXShellScriptBuildPhase;
			buildActionMask = 2147483647;
			files = (
			);
			inputPaths = (
			);
			outputPaths = (
			);
			runOnlyForDeploymentPostprocessing = 0;
			shellPath = /bin/sh;
			shellScript = "# Run the unit tests in this test bundle.\n\"${SYSTEM_DEVELOPER_DIR}/Tools/RunUnitTests\"\n";
		};
/* End PBXShellScriptBuildPhase section */

/* Begin PBXSourcesBuildPhase section */
		E4EABF61164C18010025EDEB /* Sources */ = {
			isa = PBXSourcesBuildPhase;
			buildActionMask = 2147483647;
			files = (
				E4EABF72164C18010025EDEB /* main.m in Sources */,
				E4EABF76164C18010025EDEB /* AppDelegate.m in Sources */,
				E4EABFE6164C23310025EDEB /* ExampleTable.m in Sources */,
				E4EAC004164C4B690025EDEB /* ExampleTableSingleSection.m in Sources */,
				E4EAC007164C4BCE0025EDEB /* ExampleTableMultipleSources.m in Sources */,
				E4EAC00E164C4D240025EDEB /* ExampleMainNavigationViewController.m in Sources */,
				E4EAC011164C4D830025EDEB /* ExampleMainTableViewController.m in Sources */,
				E4EAC014164C53FC0025EDEB /* ExampleTableMultipleSections.m in Sources */,
			);
			runOnlyForDeploymentPostprocessing = 0;
		};
		E4EABF7D164C18020025EDEB /* Sources */ = {
			isa = PBXSourcesBuildPhase;
			buildActionMask = 2147483647;
			files = (
				E4EABF90164C18020025EDEB /* examplesTests.m in Sources */,
			);
			runOnlyForDeploymentPostprocessing = 0;
		};
		F57379C0166D464000906AC7 /* Sources */ = {
			isa = PBXSourcesBuildPhase;
			buildActionMask = 2147483647;
			files = (
				F5737A4E166D47E600906AC7 /* NSMutableArray+Akimbo.m in Sources */,
				F5737A50166D47E700906AC7 /* NSMutableArray+Shuffling.m in Sources */,
				F5737A52166D47E700906AC7 /* NSMutableArray+WeakReferences.m in Sources */,
				F5737A54166D47E700906AC7 /* NSString+Akimbo.m in Sources */,
				F5737A56166D47E700906AC7 /* NSString+Validation.m in Sources */,
				F5737A58166D47E700906AC7 /* UIColor+Hex.m in Sources */,
				F5737A5A166D47E700906AC7 /* UIImage+Drawing.m in Sources */,
				F5737A5C166D47E700906AC7 /* AkimboDraw.m in Sources */,
				F5737A5E166D47E700906AC7 /* AkimboObservable.m in Sources */,
				F5737A60166D47E700906AC7 /* AkimboWeakItem.m in Sources */,
				F5737A62166D47E700906AC7 /* AkimboDataStore.m in Sources */,
				F5737A65166D47E700906AC7 /* AkimboUITableViewCell.m in Sources */,
				F5737A67166D47E700906AC7 /* AkimboUITableViewController.m in Sources */,
				F5737A69166D47E700906AC7 /* AkimboUITableViewControllerSection.m in Sources */,
				F5737A6B166D47E700906AC7 /* AkimboUtils.m in Sources */,
			);
			runOnlyForDeploymentPostprocessing = 0;
		};
		F57379CD166D464000906AC7 /* Sources */ = {
			isa = PBXSourcesBuildPhase;
			buildActionMask = 2147483647;
			files = (
			);
			runOnlyForDeploymentPostprocessing = 0;
		};
/* End PBXSourcesBuildPhase section */

/* Begin PBXTargetDependency section */
		E4EABF87164C18020025EDEB /* PBXTargetDependency */ = {
			isa = PBXTargetDependency;
			target = E4EABF64164C18010025EDEB /* examples */;
			targetProxy = E4EABF86164C18020025EDEB /* PBXContainerItemProxy */;
		};
		F57379D7166D464000906AC7 /* PBXTargetDependency */ = {
			isa = PBXTargetDependency;
			target = F57379C3166D464000906AC7 /* Akimbo */;
			targetProxy = F57379D6166D464000906AC7 /* PBXContainerItemProxy */;
		};
		F5737A21166D470300906AC7 /* PBXTargetDependency */ = {
			isa = PBXTargetDependency;
			target = F57379C3166D464000906AC7 /* Akimbo */;
			targetProxy = F5737A20166D470300906AC7 /* PBXContainerItemProxy */;
		};
/* End PBXTargetDependency section */

/* Begin PBXVariantGroup section */
		E4EABF6E164C18010025EDEB /* InfoPlist.strings */ = {
			isa = PBXVariantGroup;
			children = (
				E4EABF6F164C18010025EDEB /* en */,
			);
			name = InfoPlist.strings;
			sourceTree = "<group>";
		};
		E4EABF8B164C18020025EDEB /* InfoPlist.strings */ = {
			isa = PBXVariantGroup;
			children = (
				E4EABF8C164C18020025EDEB /* en */,
			);
			name = InfoPlist.strings;
			sourceTree = "<group>";
		};
/* End PBXVariantGroup section */

/* Begin XCBuildConfiguration section */
		E4EABF59164C17BB0025EDEB /* Debug */ = {
			isa = XCBuildConfiguration;
			buildSettings = {
				ALWAYS_SEARCH_USER_PATHS = NO;
				CLANG_CXX_LANGUAGE_STANDARD = "gnu++0x";
				CLANG_CXX_LIBRARY = "libc++";
				CLANG_ENABLE_OBJC_ARC = YES;
				CLANG_WARN_EMPTY_BODY = YES;
				CLANG_WARN__DUPLICATE_METHOD_MATCH = YES;
				COPY_PHASE_STRIP = NO;
				GCC_C_LANGUAGE_STANDARD = gnu99;
				GCC_DYNAMIC_NO_PIC = NO;
				GCC_OPTIMIZATION_LEVEL = 0;
				GCC_PREPROCESSOR_DEFINITIONS = (
					"DEBUG=1",
					"$(inherited)",
				);
				GCC_SYMBOLS_PRIVATE_EXTERN = NO;
				GCC_WARN_ABOUT_RETURN_TYPE = YES;
				GCC_WARN_UNINITIALIZED_AUTOS = YES;
				GCC_WARN_UNUSED_VARIABLE = YES;
				HEADER_SEARCH_PATHS = "\"$(BUILT_PRODUCTS_DIR)/../../Headers\"/**";
				IPHONEOS_DEPLOYMENT_TARGET = 6.0;
				SDKROOT = iphoneos;
			};
			name = Debug;
		};
		E4EABF5A164C17BB0025EDEB /* Release */ = {
			isa = XCBuildConfiguration;
			buildSettings = {
				ALWAYS_SEARCH_USER_PATHS = NO;
				CLANG_CXX_LANGUAGE_STANDARD = "gnu++0x";
				CLANG_CXX_LIBRARY = "libc++";
				CLANG_ENABLE_OBJC_ARC = YES;
				CLANG_WARN_EMPTY_BODY = YES;
				CLANG_WARN__DUPLICATE_METHOD_MATCH = YES;
				COPY_PHASE_STRIP = YES;
				GCC_C_LANGUAGE_STANDARD = gnu99;
				GCC_WARN_ABOUT_RETURN_TYPE = YES;
				GCC_WARN_UNINITIALIZED_AUTOS = YES;
				GCC_WARN_UNUSED_VARIABLE = YES;
				HEADER_SEARCH_PATHS = "\"$(BUILT_PRODUCTS_DIR)/../../Headers\"/**";
				IPHONEOS_DEPLOYMENT_TARGET = 6.0;
				SDKROOT = iphoneos;
				VALIDATE_PRODUCT = YES;
			};
			name = Release;
		};
		E4EABF92164C18020025EDEB /* Debug */ = {
			isa = XCBuildConfiguration;
			buildSettings = {
				"CODE_SIGN_IDENTITY[sdk=iphoneos*]" = "iPhone Developer";
				FRAMEWORK_SEARCH_PATHS = (
					"$(inherited)",
					"\"$(SYSTEM_APPS_DIR)/Xcode.app/Contents/Developer/Library/Frameworks\"",
				);
				GCC_PRECOMPILE_PREFIX_HEADER = YES;
				GCC_PREFIX_HEADER = "examples/examples-Prefix.pch";
				INFOPLIST_FILE = "examples/examples-Info.plist";
				PRODUCT_NAME = "$(TARGET_NAME)";
				TARGETED_DEVICE_FAMILY = "1,2";
				WRAPPER_EXTENSION = app;
			};
			name = Debug;
		};
		E4EABF93164C18020025EDEB /* Release */ = {
			isa = XCBuildConfiguration;
			buildSettings = {
				"CODE_SIGN_IDENTITY[sdk=iphoneos*]" = "iPhone Developer";
				FRAMEWORK_SEARCH_PATHS = (
					"$(inherited)",
					"\"$(SYSTEM_APPS_DIR)/Xcode.app/Contents/Developer/Library/Frameworks\"",
				);
				GCC_PRECOMPILE_PREFIX_HEADER = YES;
				GCC_PREFIX_HEADER = "examples/examples-Prefix.pch";
				INFOPLIST_FILE = "examples/examples-Info.plist";
				OTHER_CFLAGS = "-DNS_BLOCK_ASSERTIONS=1";
				PRODUCT_NAME = "$(TARGET_NAME)";
				TARGETED_DEVICE_FAMILY = "1,2";
				WRAPPER_EXTENSION = app;
			};
			name = Release;
		};
		E4EABF95164C18020025EDEB /* Debug */ = {
			isa = XCBuildConfiguration;
			buildSettings = {
				BUNDLE_LOADER = "$(BUILT_PRODUCTS_DIR)/examples.app/examples";
				FRAMEWORK_SEARCH_PATHS = (
					"\"$(SDKROOT)/Developer/Library/Frameworks\"",
					"\"$(DEVELOPER_LIBRARY_DIR)/Frameworks\"",
				);
				GCC_PRECOMPILE_PREFIX_HEADER = YES;
				GCC_PREFIX_HEADER = "examples/examples-Prefix.pch";
				INFOPLIST_FILE = "examplesTests/examplesTests-Info.plist";
				PRODUCT_NAME = "$(TARGET_NAME)";
				TEST_HOST = "$(BUNDLE_LOADER)";
				WRAPPER_EXTENSION = octest;
			};
			name = Debug;
		};
		E4EABF96164C18020025EDEB /* Release */ = {
			isa = XCBuildConfiguration;
			buildSettings = {
				BUNDLE_LOADER = "$(BUILT_PRODUCTS_DIR)/examples.app/examples";
				FRAMEWORK_SEARCH_PATHS = (
					"\"$(SDKROOT)/Developer/Library/Frameworks\"",
					"\"$(DEVELOPER_LIBRARY_DIR)/Frameworks\"",
				);
				GCC_PRECOMPILE_PREFIX_HEADER = YES;
				GCC_PREFIX_HEADER = "examples/examples-Prefix.pch";
				INFOPLIST_FILE = "examplesTests/examplesTests-Info.plist";
				PRODUCT_NAME = "$(TARGET_NAME)";
				TEST_HOST = "$(BUNDLE_LOADER)";
				WRAPPER_EXTENSION = octest;
			};
			name = Release;
		};
		F57379E3166D464000906AC7 /* Debug */ = {
			isa = XCBuildConfiguration;
			buildSettings = {
				DSTROOT = /tmp/Akimbo.dst;
				GCC_PRECOMPILE_PREFIX_HEADER = YES;
				GCC_PREFIX_HEADER = "Code/Support/Akimbo-Prefix.pch";
				OBJROOT = "$(SRCROOT)/Build";
				ONLY_ACTIVE_ARCH = YES;
				OTHER_LDFLAGS = "-ObjC";
				PRIVATE_HEADERS_FOLDER_PATH = "$(PUBLIC_HEADERS_FOLDER_PATH)/Private";
				PRODUCT_NAME = "$(TARGET_NAME)";
				PUBLIC_HEADERS_FOLDER_PATH = "../../Headers/$(TARGET_NAME)";
				SKIP_INSTALL = YES;
				SYMROOT = "$(SRCROOT)/Build/Products";
			};
			name = Debug;
		};
		F57379E4166D464000906AC7 /* Release */ = {
			isa = XCBuildConfiguration;
			buildSettings = {
				DSTROOT = /tmp/Akimbo.dst;
				GCC_PRECOMPILE_PREFIX_HEADER = YES;
				GCC_PREFIX_HEADER = "Code/Support/Akimbo-Prefix.pch";
				OBJROOT = "$(SRCROOT)/Build";
				OTHER_LDFLAGS = "-ObjC";
				PRIVATE_HEADERS_FOLDER_PATH = "$(PUBLIC_HEADERS_FOLDER_PATH)/Private";
				PRODUCT_NAME = "$(TARGET_NAME)";
				PUBLIC_HEADERS_FOLDER_PATH = "../../Headers/$(TARGET_NAME)";
				SKIP_INSTALL = YES;
				SYMROOT = "$(SRCROOT)/Build/Products";
			};
			name = Release;
		};
		F57379E6166D464000906AC7 /* Debug */ = {
			isa = XCBuildConfiguration;
			buildSettings = {
				FRAMEWORK_SEARCH_PATHS = (
					"\"$(SDKROOT)/Developer/Library/Frameworks\"",
					"\"$(DEVELOPER_LIBRARY_DIR)/Frameworks\"",
				);
				GCC_PRECOMPILE_PREFIX_HEADER = YES;
				GCC_PREFIX_HEADER = "Akimbo/Akimbo-Prefix.pch";
				INFOPLIST_FILE = "AkimboTests/AkimboTests-Info.plist";
				ONLY_ACTIVE_ARCH = YES;
				PRODUCT_NAME = "$(TARGET_NAME)";
				WRAPPER_EXTENSION = octest;
			};
			name = Debug;
		};
		F57379E7166D464000906AC7 /* Release */ = {
			isa = XCBuildConfiguration;
			buildSettings = {
				FRAMEWORK_SEARCH_PATHS = (
					"\"$(SDKROOT)/Developer/Library/Frameworks\"",
					"\"$(DEVELOPER_LIBRARY_DIR)/Frameworks\"",
				);
				GCC_PRECOMPILE_PREFIX_HEADER = YES;
				GCC_PREFIX_HEADER = "Akimbo/Akimbo-Prefix.pch";
				INFOPLIST_FILE = "AkimboTests/AkimboTests-Info.plist";
				PRODUCT_NAME = "$(TARGET_NAME)";
				WRAPPER_EXTENSION = octest;
			};
			name = Release;
		};
/* End XCBuildConfiguration section */

/* Begin XCConfigurationList section */
		E4EABF30164C17BB0025EDEB /* Build configuration list for PBXProject "akimbo-ios" */ = {
			isa = XCConfigurationList;
			buildConfigurations = (
				E4EABF59164C17BB0025EDEB /* Debug */,
				E4EABF5A164C17BB0025EDEB /* Release */,
			);
			defaultConfigurationIsVisible = 0;
			defaultConfigurationName = Release;
		};
		E4EABF91164C18020025EDEB /* Build configuration list for PBXNativeTarget "examples" */ = {
			isa = XCConfigurationList;
			buildConfigurations = (
				E4EABF92164C18020025EDEB /* Debug */,
				E4EABF93164C18020025EDEB /* Release */,
			);
			defaultConfigurationIsVisible = 0;
			defaultConfigurationName = Release;
		};
		E4EABF94164C18020025EDEB /* Build configuration list for PBXNativeTarget "examplesTests" */ = {
			isa = XCConfigurationList;
			buildConfigurations = (
				E4EABF95164C18020025EDEB /* Debug */,
				E4EABF96164C18020025EDEB /* Release */,
			);
			defaultConfigurationIsVisible = 0;
			defaultConfigurationName = Release;
		};
		F57379E2166D464000906AC7 /* Build configuration list for PBXNativeTarget "Akimbo" */ = {
			isa = XCConfigurationList;
			buildConfigurations = (
				F57379E3166D464000906AC7 /* Debug */,
				F57379E4166D464000906AC7 /* Release */,
			);
			defaultConfigurationIsVisible = 0;
		};
		F57379E5166D464000906AC7 /* Build configuration list for PBXNativeTarget "AkimboTests" */ = {
			isa = XCConfigurationList;
			buildConfigurations = (
				F57379E6166D464000906AC7 /* Debug */,
				F57379E7166D464000906AC7 /* Release */,
			);
			defaultConfigurationIsVisible = 0;
		};
/* End XCConfigurationList section */
	};
	rootObject = E4EABF2D164C17BB0025EDEB /* Project object */;
}
